{
  "version": "2",
  "remote": {
    "https://deno.land/std@0.164.0/_util/asserts.ts": "d0844e9b62510f89ce1f9878b046f6a57bf88f208a10304aab50efcb48365272",
    "https://deno.land/std@0.164.0/_util/os.ts": "8a33345f74990e627b9dfe2de9b040004b08ea5146c7c9e8fe9a29070d193934",
    "https://deno.land/std@0.164.0/fs/_util.ts": "fdc156f897197f261a1c096dcf8ff9267ed0ff42bd5b31f55053a4763a4bae3b",
    "https://deno.land/std@0.164.0/fs/copy.ts": "37ad2d3390a672a34baf7d16a8623238906a1ee9b2c5fffc8efaa97810f4e6a9",
    "https://deno.land/std@0.164.0/fs/empty_dir.ts": "c15a0aaaf40f8c21cca902aa1e01a789ad0c2fd1b7e2eecf4957053c5dbf707f",
    "https://deno.land/std@0.164.0/fs/ensure_dir.ts": "76395fc1c989ca8d2de3aedfa8240eb8f5225cde20f926de957995b063135b80",
    "https://deno.land/std@0.164.0/fs/ensure_file.ts": "b8e32ea63aa21221d0219760ba3f741f682d7f7d68d0d24a3ec067c338568152",
    "https://deno.land/std@0.164.0/fs/ensure_link.ts": "5cc1c04f18487d7d1edf4c5469705f30b61390ffd24ad7db6df85e7209b32bb2",
    "https://deno.land/std@0.164.0/fs/ensure_symlink.ts": "5273557b8c50be69477aa9cb003b54ff2240a336db52a40851c97abce76b96ab",
    "https://deno.land/std@0.164.0/fs/eol.ts": "65b1e27320c3eec6fb653b27e20056ee3d015d3e91db388cfefa41616ebc7cb3",
    "https://deno.land/std@0.164.0/fs/exists.ts": "6a447912e49eb79cc640adacfbf4b0baf8e17ede6d5bed057062ce33c4fa0d68",
    "https://deno.land/std@0.164.0/fs/expand_glob.ts": "d08678afa768881b055bdfb5cebe4f089f8db4513a4d2b0bbe748f5870d77ce3",
    "https://deno.land/std@0.164.0/fs/mod.ts": "354a6f972ef4e00c4dd1f1339a8828ef0764c1c23d3c0010af3fcc025d8655b0",
    "https://deno.land/std@0.164.0/fs/move.ts": "6d7fa9da60dbc7a32dd7fdbc2ff812b745861213c8e92ba96dace0669b0c378c",
    "https://deno.land/std@0.164.0/fs/walk.ts": "0a754cc4696a15bdb175380a4b7deff3eb65be9768cb11d91a4138beee35c2d7",
    "https://deno.land/std@0.164.0/path/_constants.ts": "df1db3ffa6dd6d1252cc9617e5d72165cd2483df90e93833e13580687b6083c3",
    "https://deno.land/std@0.164.0/path/_interface.ts": "ee3b431a336b80cf445441109d089b70d87d5e248f4f90ff906820889ecf8d09",
    "https://deno.land/std@0.164.0/path/_util.ts": "d16be2a16e1204b65f9d0dfc54a9bc472cafe5f4a190b3c8471ec2016ccd1677",
    "https://deno.land/std@0.164.0/path/common.ts": "bee563630abd2d97f99d83c96c2fa0cca7cee103e8cb4e7699ec4d5db7bd2633",
    "https://deno.land/std@0.164.0/path/glob.ts": "cb5255638de1048973c3e69e420c77dc04f75755524cb3b2e160fe9277d939ee",
    "https://deno.land/std@0.164.0/path/mod.ts": "56fec03ad0ebd61b6ab39ddb9b0ddb4c4a5c9f2f4f632e09dd37ec9ebfd722ac",
    "https://deno.land/std@0.164.0/path/posix.ts": "6b63de7097e68c8663c84ccedc0fd977656eb134432d818ecd3a4e122638ac24",
    "https://deno.land/std@0.164.0/path/separator.ts": "fe1816cb765a8068afb3e8f13ad272351c85cbc739af56dacfc7d93d710fe0f9",
    "https://deno.land/std@0.164.0/path/win32.ts": "7cebd2bda6657371adc00061a1d23fdd87bcdf64b4843bb148b0b24c11b40f69",
    "https://deno.land/x/nano_jsx@v0.0.20/component.ts": "ef62d26623b79c46b67f9e8ce0793454f19c7cf544bc37974a8b092f078b266d",
    "https://deno.land/x/nano_jsx@v0.0.20/components/helmet.ts": "e447bc942b84a8edaa74eb2dad1458bd0d9f48b7fa860488c1300621cd66fac5",
    "https://deno.land/x/nano_jsx@v0.0.20/components/img.ts": "b4843bb2e4478054e629ced824b7e7e58a15fa919f79b1a70342a28f966b36ec",
    "https://deno.land/x/nano_jsx@v0.0.20/components/index.ts": "8855ee8302a9a19f38202d4a7ff5b17e22942600da02356bdfbc80c99c5c55f5",
    "https://deno.land/x/nano_jsx@v0.0.20/components/link.ts": "fe1c5abd4fe38773c96d009b25795d99d78c406042d2b21be38e723c7509c151",
    "https://deno.land/x/nano_jsx@v0.0.20/components/router.ts": "3e18c6c48cbdc923dee4a3fdc0807f463ffcd66f2c6de9b6209c69a0fcecc9ce",
    "https://deno.land/x/nano_jsx@v0.0.20/components/suspense.ts": "b5ffef52ed3533b0af949a80b0224defde65409d630130215bc9b32f6e443949",
    "https://deno.land/x/nano_jsx@v0.0.20/components/visible.ts": "f19487f7faff0bad38a5549f1efac1df351e83ee4a77ca5886412b439f4b6b53",
    "https://deno.land/x/nano_jsx@v0.0.20/context.ts": "8e4cee9365ad63e54991cd7e1f39eb5fda549f7641f7b399fea601b5b6a87445",
    "https://deno.land/x/nano_jsx@v0.0.20/core.ts": "fcf7583ffa8bf0875189c976d78b3dd6f628534ac9cdb71b483685ce5e4201f0",
    "https://deno.land/x/nano_jsx@v0.0.20/fragment.ts": "9cfb0dcdcb02d5cc53f027b4b55609e4f9d6d9322b665292e572856f4b688569",
    "https://deno.land/x/nano_jsx@v0.0.20/helpers.ts": "a43b88759ea600a43cf7ac0de39bb6c6808d5d721a5f513fc2c12fbb175c3838",
    "https://deno.land/x/nano_jsx@v0.0.20/htm.ts": "d8d9cd4fb4ad4645bff3698c7eb96e7798022c5519d04e709ebde236edde156b",
    "https://deno.land/x/nano_jsx@v0.0.20/htm/build.ts": "bdfea61e233cf1cff66ff84e92c81726bb7dbb0fa583fddd5dad664e3d45bc5c",
    "https://deno.land/x/nano_jsx@v0.0.20/htm/constants.ts": "3f296f87f03bd0ba8d7673884a1f6c4c927a2774648eaa4fd3ca9e3c46c3f7b8",
    "https://deno.land/x/nano_jsx@v0.0.20/htm/index.ts": "1ec86859ce53ad435edba45ec47eead2ccf33eb83194cb1957da0aa32b31278c",
    "https://deno.land/x/nano_jsx@v0.0.20/index.ts": "aeba9c6c3fef0923f34510b0704abef4df25717b9d12367dd73a666a736a77b3",
    "https://deno.land/x/nano_jsx@v0.0.20/jsx.ts": "7d5b4d4a249fba1a42f2016f54f71ca049d96ff490e098db4a19b2a9b197b952",
    "https://deno.land/x/nano_jsx@v0.0.20/lazy.ts": "f8b8a2b915daff1fb70704ffad5171c805f1e28778b5cd0f8c827780762776c4",
    "https://deno.land/x/nano_jsx@v0.0.20/mod.ts": "882e3724ca160624f934070ead4633e971f81a90dcedc03a428f20769e96307b",
    "https://deno.land/x/nano_jsx@v0.0.20/ssr.ts": "7b4edad1576ed1ec868181f54c568b199937c0c755f8b5721f76757579dfd819",
    "https://deno.land/x/nano_jsx@v0.0.20/state.ts": "cfc6ca6eb5e65f4cd60717a0a96ce604053bacf6e0b8835afbe22327e9979a1b",
    "https://deno.land/x/nano_jsx@v0.0.20/store.ts": "eb6ff6e7c4c2eab3ca6a3a99469755e2150d960076b68fe615105e23ae627465",
    "https://deno.land/x/nano_jsx@v0.0.20/types.ts": "9887b8ebd69fa7d084a0f365a53300b50fabb9dd9644317851be023090e71531",
    "https://deno.land/x/nano_jsx@v0.0.20/version.ts": "61313977f22dce140bc4793f2ace74da8f96d1ed0932f2326c9e1cc3bec42006",
    "https://deno.land/x/nano_jsx@v0.0.20/withStyles.ts": "d10126fc6afd6fadf8dfb39739bafd02ed89a7c54d9b6390726e571c92098659",
    "https://unpkg.com/preact@10.3.4/dist/preact.module.js": "274da7d229e25436152a3d4927d65acb9ad52d753eeb3080cdb758ccbc9af309"
  }
}
